
Microsoft Visual Studio Solution File, Format Version 12.00
# Visual Studio Version 17
VisualStudioVersion = 17.5.33424.131
MinimumVisualStudioVersion = 10.0.40219.1
Project("{FAE04EC0-301F-11D3-BF4B-00C04F79EFBC}") = "Xamarin Android Sample App", "Xamarin Android Sample App.csproj", "{CC9067C8-930F-412F-84BC-CFF3A4AC331C}"
EndProject
Global
	GlobalSection(SolutionConfigurationPlatforms) = preSolution
		Debug|Any CPU = Debug|Any CPU
		Release|Any CPU = Release|Any CPU
	EndGlobalSection
	GlobalSection(ProjectConfigurationPlatforms) = postSolution
		{CC9067C8-930F-412F-84BC-CFF3A4AC331C}.Debug|Any CPU.ActiveCfg = Debug|Any CPU
		{CC9067C8-930F-412F-84BC-CFF3A4AC331C}.Debug|Any CPU.Build.0 = Debug|Any CPU
		{CC9067C8-930F-412F-84BC-CFF3A4AC331C}.Debug|Any CPU.Deploy.0 = Debug|Any CPU
		{CC9067C8-930F-412F-84BC-CFF3A4AC331C}.Release|Any CPU.ActiveCfg = Release|Any CPU
		{CC9067C8-930F-412F-84BC-CFF3A4AC331C}.Release|Any CPU.Build.0 = Release|Any CPU
		{CC9067C8-930F-412F-84BC-CFF3A4AC331C}.Release|Any CPU.Deploy.0 = Release|Any CPU
	EndGlobalSection
	GlobalSection(SolutionProperties) = preSolution
		HideSolutionNode = FALSE
	EndGlobalSection
	GlobalSection(ExtensibilityGlobals) = postSolution
		SolutionGuid = {24D5213B-4A85-455B-96AC-3E122D30F629}
	EndGlobalSection
EndGlobal
